
Microsoft Visual Studio Solution File, Format Version 12.00
# Visual Studio Version 17
VisualStudioVersion = 17.8.34330.188
MinimumVisualStudioVersion = 10.0.40219.1
Project("{9A19103F-16F7-4668-BE54-9A1E7A4F7556}") = "Domain", "src\Domain\Domain.csproj", "{CB7B504C-ABCF-484C-A99F-FA9E61ECC519}"
EndProject
Project("{9A19103F-16F7-4668-BE54-9A1E7A4F7556}") = "Application", "src\Application\Application.csproj", "{1980C518-D844-4E9E-A554-834C11720CF8}"
EndProject
Project("{9A19103F-16F7-4668-BE54-9A1E7A4F7556}") = "Infrastructure", "src\Infrastructure\Infrastructure.csproj", "{AFF39C4D-230A-463E-AB13-A2DC4CB624A9}"
EndProject
Project("{9A19103F-16F7-4668-BE54-9A1E7A4F7556}") = "Web", "src\Web\Web.csproj", "{169EBD2A-3236-4B0A-AB8F-B4A71C8E11FB}"
EndProject
Project("{FAE04EC0-301F-11D3-BF4B-00C04F79EFBC}") = "Tests", "src\Tests\Tests.csproj", "{CF9C9DBF-493A-42E4-87D9-EA51205D1899}"
EndProject
Global
	GlobalSection(SolutionConfigurationPlatforms) = preSolution
		Debug|Any CPU = Debug|Any CPU
		Release|Any CPU = Release|Any CPU
	EndGlobalSection
	GlobalSection(ProjectConfigurationPlatforms) = postSolution
		{CB7B504C-ABCF-484C-A99F-FA9E61ECC519}.Debug|Any CPU.ActiveCfg = Debug|Any CPU
		{CB7B504C-ABCF-484C-A99F-FA9E61ECC519}.Debug|Any CPU.Build.0 = Debug|Any CPU
		{CB7B504C-ABCF-484C-A99F-FA9E61ECC519}.Release|Any CPU.ActiveCfg = Release|Any CPU
		{CB7B504C-ABCF-484C-A99F-FA9E61ECC519}.Release|Any CPU.Build.0 = Release|Any CPU
		{1980C518-D844-4E9E-A554-834C11720CF8}.Debug|Any CPU.ActiveCfg = Debug|Any CPU
		{1980C518-D844-4E9E-A554-834C11720CF8}.Debug|Any CPU.Build.0 = Debug|Any CPU
		{1980C518-D844-4E9E-A554-834C11720CF8}.Release|Any CPU.ActiveCfg = Release|Any CPU
		{1980C518-D844-4E9E-A554-834C11720CF8}.Release|Any CPU.Build.0 = Release|Any CPU
		{AFF39C4D-230A-463E-AB13-A2DC4CB624A9}.Debug|Any CPU.ActiveCfg = Debug|Any CPU
		{AFF39C4D-230A-463E-AB13-A2DC4CB624A9}.Debug|Any CPU.Build.0 = Debug|Any CPU
		{AFF39C4D-230A-463E-AB13-A2DC4CB624A9}.Release|Any CPU.ActiveCfg = Release|Any CPU
		{AFF39C4D-230A-463E-AB13-A2DC4CB624A9}.Release|Any CPU.Build.0 = Release|Any CPU
		{169EBD2A-3236-4B0A-AB8F-B4A71C8E11FB}.Debug|Any CPU.ActiveCfg = Debug|Any CPU
		{169EBD2A-3236-4B0A-AB8F-B4A71C8E11FB}.Debug|Any CPU.Build.0 = Debug|Any CPU
		{169EBD2A-3236-4B0A-AB8F-B4A71C8E11FB}.Release|Any CPU.ActiveCfg = Release|Any CPU
		{169EBD2A-3236-4B0A-AB8F-B4A71C8E11FB}.Release|Any CPU.Build.0 = Release|Any CPU
		{CF9C9DBF-493A-42E4-87D9-EA51205D1899}.Debug|Any CPU.ActiveCfg = Debug|Any CPU
		{CF9C9DBF-493A-42E4-87D9-EA51205D1899}.Debug|Any CPU.Build.0 = Debug|Any CPU
		{CF9C9DBF-493A-42E4-87D9-EA51205D1899}.Release|Any CPU.ActiveCfg = Release|Any CPU
		{CF9C9DBF-493A-42E4-87D9-EA51205D1899}.Release|Any CPU.Build.0 = Release|Any CPU
	EndGlobalSection
	GlobalSection(SolutionProperties) = preSolution
		HideSolutionNode = FALSE
	EndGlobalSection
	GlobalSection(ExtensibilityGlobals) = postSolution
		SolutionGuid = {D95C6A4E-C17D-44D4-8788-9960BE1EBF91}
	EndGlobalSection
EndGlobal
